
Microsoft Visual Studio Solution File, Format Version 12.00
# Visual Studio Version 17
VisualStudioVersion = 17.12.35514.174
MinimumVisualStudioVersion = 10.0.40219.1
Project("{FAE04EC0-301F-11D3-BF4B-00C04F79EFBC}") = "StudentAPI", "StudentAPI\StudentAPI.csproj", "{FA121082-4B47-4F22-9D6A-81B9F123FB3F}"
EndProject
Project("{FAE04EC0-301F-11D3-BF4B-00C04F79EFBC}") = "String.Calculator", "String.Calculator\String.Calculator.csproj", "{20CE2588-F008-4763-A329-40534A8C13DC}"
EndProject
Project("{FAE04EC0-301F-11D3-BF4B-00C04F79EFBC}") = "String.Calculator.Tests", "String.Calculator.Tests\String.Calculator.Tests.csproj", "{EEB57979-F7D9-44DB-8B29-F4643D2D08A9}"
EndProject
Project("{FAE04EC0-301F-11D3-BF4B-00C04F79EFBC}") = "UserCapture", "UserCapture\UserCapture.csproj", "{2AA1D7D0-E634-4BAC-8D6E-1B98BFD20DC2}"
EndProject
Global
	GlobalSection(SolutionConfigurationPlatforms) = preSolution
		Debug|Any CPU = Debug|Any CPU
		Release|Any CPU = Release|Any CPU
	EndGlobalSection
	GlobalSection(ProjectConfigurationPlatforms) = postSolution
		{FA121082-4B47-4F22-9D6A-81B9F123FB3F}.Debug|Any CPU.ActiveCfg = Debug|Any CPU
		{FA121082-4B47-4F22-9D6A-81B9F123FB3F}.Debug|Any CPU.Build.0 = Debug|Any CPU
		{FA121082-4B47-4F22-9D6A-81B9F123FB3F}.Release|Any CPU.ActiveCfg = Release|Any CPU
		{FA121082-4B47-4F22-9D6A-81B9F123FB3F}.Release|Any CPU.Build.0 = Release|Any CPU
		{20CE2588-F008-4763-A329-40534A8C13DC}.Debug|Any CPU.ActiveCfg = Debug|Any CPU
		{20CE2588-F008-4763-A329-40534A8C13DC}.Debug|Any CPU.Build.0 = Debug|Any CPU
		{20CE2588-F008-4763-A329-40534A8C13DC}.Release|Any CPU.ActiveCfg = Release|Any CPU
		{20CE2588-F008-4763-A329-40534A8C13DC}.Release|Any CPU.Build.0 = Release|Any CPU
		{EEB57979-F7D9-44DB-8B29-F4643D2D08A9}.Debug|Any CPU.ActiveCfg = Debug|Any CPU
		{EEB57979-F7D9-44DB-8B29-F4643D2D08A9}.Debug|Any CPU.Build.0 = Debug|Any CPU
		{EEB57979-F7D9-44DB-8B29-F4643D2D08A9}.Release|Any CPU.ActiveCfg = Release|Any CPU
		{EEB57979-F7D9-44DB-8B29-F4643D2D08A9}.Release|Any CPU.Build.0 = Release|Any CPU
		{2AA1D7D0-E634-4BAC-8D6E-1B98BFD20DC2}.Debug|Any CPU.ActiveCfg = Debug|Any CPU
		{2AA1D7D0-E634-4BAC-8D6E-1B98BFD20DC2}.Debug|Any CPU.Build.0 = Debug|Any CPU
		{2AA1D7D0-E634-4BAC-8D6E-1B98BFD20DC2}.Release|Any CPU.ActiveCfg = Release|Any CPU
		{2AA1D7D0-E634-4BAC-8D6E-1B98BFD20DC2}.Release|Any CPU.Build.0 = Release|Any CPU
	EndGlobalSection
	GlobalSection(SolutionProperties) = preSolution
		HideSolutionNode = FALSE
	EndGlobalSection
EndGlobal
